
Microsoft Visual Studio Solution File, Format Version 12.00
# Visual Studio 15
VisualStudioVersion = 15.0.26020.0
MinimumVisualStudioVersion = 10.0.40219.1
Project("{FAE04EC0-301F-11D3-BF4B-00C04F79EFBC}") = "LoadCellV2", "App1\LoadCellV2.csproj", "{AE23F0D0-BB9E-434E-BF04-08DDAE91CC91}"
EndProject
Global
	GlobalSection(SolutionConfigurationPlatforms) = preSolution
		Debug|Any CPU = Debug|Any CPU
		Release|Any CPU = Release|Any CPU
	EndGlobalSection
	GlobalSection(ProjectConfigurationPlatforms) = postSolution
		{AE23F0D0-BB9E-434E-BF04-08DDAE91CC91}.Debug|Any CPU.ActiveCfg = Debug|Any CPU
		{AE23F0D0-BB9E-434E-BF04-08DDAE91CC91}.Debug|Any CPU.Build.0 = Debug|Any CPU
		{AE23F0D0-BB9E-434E-BF04-08DDAE91CC91}.Release|Any CPU.ActiveCfg = Release|Any CPU
		{AE23F0D0-BB9E-434E-BF04-08DDAE91CC91}.Release|Any CPU.Build.0 = Release|Any CPU
	EndGlobalSection
	GlobalSection(SolutionProperties) = preSolution
		HideSolutionNode = FALSE
	EndGlobalSection
EndGlobal
